
Microsoft Visual Studio Solution File, Format Version 12.00
# Visual Studio Version 16
VisualStudioVersion = 16.0.31729.503
MinimumVisualStudioVersion = 10.0.40219.1
Project("{FAE04EC0-301F-11D3-BF4B-00C04F79EFBC}") = "fakt", "fakt\fakt.csproj", "{94D299C1-055C-4558-AA41-55226F0FCD29}"
EndProject
Global
	GlobalSection(SolutionConfigurationPlatforms) = preSolution
		Debug|Any CPU = Debug|Any CPU
		Release|Any CPU = Release|Any CPU
	EndGlobalSection
	GlobalSection(ProjectConfigurationPlatforms) = postSolution
		{94D299C1-055C-4558-AA41-55226F0FCD29}.Debug|Any CPU.ActiveCfg = Debug|Any CPU
		{94D299C1-055C-4558-AA41-55226F0FCD29}.Debug|Any CPU.Build.0 = Debug|Any CPU
		{94D299C1-055C-4558-AA41-55226F0FCD29}.Release|Any CPU.ActiveCfg = Release|Any CPU
		{94D299C1-055C-4558-AA41-55226F0FCD29}.Release|Any CPU.Build.0 = Release|Any CPU
	EndGlobalSection
	GlobalSection(SolutionProperties) = preSolution
		HideSolutionNode = FALSE
	EndGlobalSection
	GlobalSection(ExtensibilityGlobals) = postSolution
		SolutionGuid = {450A581F-0A24-4EB7-A01F-5B1C34CEBDED}
	EndGlobalSection
EndGlobal
