
Microsoft Visual Studio Solution File, Format Version 12.00
# Visual Studio Version 16
VisualStudioVersion = 16.0.31729.503
MinimumVisualStudioVersion = 10.0.40219.1
Project("{FAE04EC0-301F-11D3-BF4B-00C04F79EFBC}") = "dz_class_out", "dz_class_out\dz_class_out.csproj", "{928A6A20-6053-4995-AFC7-096C4CBAB7EC}"
EndProject
Global
	GlobalSection(SolutionConfigurationPlatforms) = preSolution
		Debug|Any CPU = Debug|Any CPU
		Release|Any CPU = Release|Any CPU
	EndGlobalSection
	GlobalSection(ProjectConfigurationPlatforms) = postSolution
		{928A6A20-6053-4995-AFC7-096C4CBAB7EC}.Debug|Any CPU.ActiveCfg = Debug|Any CPU
		{928A6A20-6053-4995-AFC7-096C4CBAB7EC}.Debug|Any CPU.Build.0 = Debug|Any CPU
		{928A6A20-6053-4995-AFC7-096C4CBAB7EC}.Release|Any CPU.ActiveCfg = Release|Any CPU
		{928A6A20-6053-4995-AFC7-096C4CBAB7EC}.Release|Any CPU.Build.0 = Release|Any CPU
	EndGlobalSection
	GlobalSection(SolutionProperties) = preSolution
		HideSolutionNode = FALSE
	EndGlobalSection
	GlobalSection(ExtensibilityGlobals) = postSolution
		SolutionGuid = {BBFE73DE-AA2F-43B1-A8ED-156B34D67BFA}
	EndGlobalSection
EndGlobal
