
Microsoft Visual Studio Solution File, Format Version 12.00
# Visual Studio Version 16
VisualStudioVersion = 16.0.31729.503
MinimumVisualStudioVersion = 10.0.40219.1
Project("{FAE04EC0-301F-11D3-BF4B-00C04F79EFBC}") = "dz_class__treug", "dz_class__treug\dz_class__treug.csproj", "{18B85AB7-8D43-49B4-B5BD-BE8B2A972B63}"
EndProject
Global
	GlobalSection(SolutionConfigurationPlatforms) = preSolution
		Debug|Any CPU = Debug|Any CPU
		Release|Any CPU = Release|Any CPU
	EndGlobalSection
	GlobalSection(ProjectConfigurationPlatforms) = postSolution
		{18B85AB7-8D43-49B4-B5BD-BE8B2A972B63}.Debug|Any CPU.ActiveCfg = Debug|Any CPU
		{18B85AB7-8D43-49B4-B5BD-BE8B2A972B63}.Debug|Any CPU.Build.0 = Debug|Any CPU
		{18B85AB7-8D43-49B4-B5BD-BE8B2A972B63}.Release|Any CPU.ActiveCfg = Release|Any CPU
		{18B85AB7-8D43-49B4-B5BD-BE8B2A972B63}.Release|Any CPU.Build.0 = Release|Any CPU
	EndGlobalSection
	GlobalSection(SolutionProperties) = preSolution
		HideSolutionNode = FALSE
	EndGlobalSection
	GlobalSection(ExtensibilityGlobals) = postSolution
		SolutionGuid = {E32F43AD-0F62-4C6B-A546-66DEA29315F8}
	EndGlobalSection
EndGlobal
