
Microsoft Visual Studio Solution File, Format Version 12.00
# Visual Studio Version 16
VisualStudioVersion = 16.0.31729.503
MinimumVisualStudioVersion = 10.0.40219.1
Project("{FAE04EC0-301F-11D3-BF4B-00C04F79EFBC}") = "geron3", "geron3\geron3.csproj", "{589CB8A1-65FC-4B4B-87D8-A429B41AB447}"
EndProject
Global
	GlobalSection(SolutionConfigurationPlatforms) = preSolution
		Debug|Any CPU = Debug|Any CPU
		Release|Any CPU = Release|Any CPU
	EndGlobalSection
	GlobalSection(ProjectConfigurationPlatforms) = postSolution
		{589CB8A1-65FC-4B4B-87D8-A429B41AB447}.Debug|Any CPU.ActiveCfg = Debug|Any CPU
		{589CB8A1-65FC-4B4B-87D8-A429B41AB447}.Debug|Any CPU.Build.0 = Debug|Any CPU
		{589CB8A1-65FC-4B4B-87D8-A429B41AB447}.Release|Any CPU.ActiveCfg = Release|Any CPU
		{589CB8A1-65FC-4B4B-87D8-A429B41AB447}.Release|Any CPU.Build.0 = Release|Any CPU
	EndGlobalSection
	GlobalSection(SolutionProperties) = preSolution
		HideSolutionNode = FALSE
	EndGlobalSection
	GlobalSection(ExtensibilityGlobals) = postSolution
		SolutionGuid = {612DF743-873B-4D79-A3AE-2AE3E0032F54}
	EndGlobalSection
EndGlobal
